{
  "requires": true,
  "lockfileVersion": 1,
  "dependencies": {
    "google-protobuf": {
      "version": "3.8.0",
      "resolved": "https://registry.npmjs.org/google-protobuf/-/google-protobuf-3.8.0.tgz",
      "integrity": "sha512-tx39PTc//HaIT7K/baUF/8JYLGDozEi1e4xwPP1qSx3InP78cNpbSJpxiDsDMwj77qNOndVBDXnn7oi9zKxZew=="
    },
    "ts-protoc-gen": {
      "version": "0.10.1-pre.7b144ed",
      "resolved": "https://registry.npmjs.org/ts-protoc-gen/-/ts-protoc-gen-0.10.1-pre.7b144ed.tgz",
      "integrity": "sha512-KKEP7jT/R2OTuMfv7FZW2uvvsex9VzmwAlkaXomvlz1C2/yHXlvkd9C0fhYQg/TMbe03Ykagy4uVFQ0OfN76Bw==",
      "requires": {
        "google-protobuf": "^3.6.1"
      }
    }
  }
}
